schema: '2.0'
stages:
  data_cleaning:
    cmd: python src/data_cleaning.py
    deps:
    - path: data/music.csv
      hash: md5
      md5: e63b74919a3cdada5c804df4666391c9
      size: 14985870
    - path: src/data_cleaning.py
      hash: md5
      md5: f27d02bfe1dfba35b6f103d9906a4200
      size: 2063
    outs:
    - path: data/cleaned_music.csv
      hash: md5
      md5: 617eeae80f7d95ecff53dc573bccb472
      size: 13658961
  content_based_filtering:
    cmd: python src/content_based_filtering.py
    deps:
    - path: data/cleaned_music.csv
      hash: md5
      md5: 617eeae80f7d95ecff53dc573bccb472
      size: 13658961
    - path: src/content_based_filtering.py
      hash: md5
      md5: 4c174deb356aeef14b31cad4e50a679a
      size: 6618
    - path: src/data_cleaning.py
      hash: md5
      md5: f27d02bfe1dfba35b6f103d9906a4200
      size: 2063
    outs:
    - path: data/transformed_music_data.npz
      hash: md5
      md5: c5a78ea175e3602b48afc1910250541e
      size: 4522796
    - path: models/column_transformer.joblib
      hash: md5
      md5: 5d0ade5d77a915a8c4d089501ea3f0f7
      size: 135933
  collaborative_filtering:
    cmd: python src/collaborative_filtering.py
    deps:
    - path: data/User.csv
      hash: md5
      md5: 3a12e713844195171c7040c051d6d4ae
      size: 602515573
    - path: data/cleaned_music.csv
      hash: md5
      md5: 617eeae80f7d95ecff53dc573bccb472
      size: 13658961
    - path: src/collaborative_filtering.py
      hash: md5
      md5: 54b5c8e3d181550c9a412d7491a63693
      size: 8385
    outs:
    - path: data/collab_filtered_data.csv
      hash: md5
      md5: 1f0e5855745925da1f450d3ad88cf79a
      size: 8229469
    - path: data/interaction_matrix.npz
      hash: md5
      md5: afe62e176c6d4a3ddd4f0fb87b53b6a0
      size: 32311115
    - path: data/track_ids.npy
      hash: md5
      md5: 2b98965823457fdb6526d3c5df182d03
      size: 640016
  transformed_filtered_data:
    cmd: python src/transformed_filtered_data.py
    deps:
    - path: data/collab_filtered_data.csv
      hash: md5
      md5: 1f0e5855745925da1f450d3ad88cf79a
      size: 8229469
    - path: models/column_transformer.joblib
      hash: md5
      md5: 5d0ade5d77a915a8c4d089501ea3f0f7
      size: 135933
    - path: src/transformed_filtered_data.py
      hash: md5
      md5: cdb7ccaa0e11fad9d91961e315c28311
      size: 1069
    outs:
    - path: data/transformed_hybrid_data.npz
      hash: md5
      md5: 281aac417f3c6fb892cd797dceaa3386
      size: 2735850
  data_alignment:
    cmd: python src/data_alignment.py
    deps:
    - path: data/collab_filtered_data.csv
      hash: md5
      md5: 1f0e5855745925da1f450d3ad88cf79a
      size: 8229469
    - path: data/interaction_matrix.npz
      hash: md5
      md5: d5f5b2bc5d7f6cd6e6d21c73a39da5fc
      size: 32311353
    - path: data/track_ids.npy
      hash: md5
      md5: 4a52e4cb6bae6b0126c1344dac7c7686
      size: 640058
    - path: data/transformed_hybrid_data.npz
      hash: md5
      md5: 281aac417f3c6fb892cd797dceaa3386
      size: 2735850
    - path: src/data_alignment.py
      hash: md5
      md5: dede11035a5c6e65db206a2d90f1ecc4
      size: 823
    outs:
    - path: data/interaction_matrix_hybrid.npz
      hash: md5
      md5: afe62e176c6d4a3ddd4f0fb87b53b6a0
      size: 32311115
    - path: data/track_ids_hybrid.npy
      hash: md5
      md5: 2b98965823457fdb6526d3c5df182d03
      size: 640016
  hybrid_recommendation:
    cmd: python src/hybrid_recommendation.py
    deps:
    - path: data/collab_filtered_data.csv
      hash: md5
      md5: 1f0e5855745925da1f450d3ad88cf79a
      size: 8229469
    - path: data/interaction_matrix_hybrid.npz
      hash: md5
      md5: afe62e176c6d4a3ddd4f0fb87b53b6a0
      size: 32311115
    - path: data/track_ids_hybrid.npy
      hash: md5
      md5: 2b98965823457fdb6526d3c5df182d03
      size: 640016
    - path: data/transformed_hybrid_data.npz
      hash: md5
      md5: 281aac417f3c6fb892cd797dceaa3386
      size: 2735850
    - path: src/hybrid_recommendation.py
      hash: md5
      md5: d76e36156803a97d7241e2826f35e329
      size: 8170
